// !$*UTF8*$!
{
	archiveVersion = 1;
	classes = {
	};
	objectVersion = 46;
	objects = {

/* Begin PBXBuildFile section */
		B745845319F464E0008D6B45 /* UIImage+BLCImageUtilities.m in Sources */ = {isa = PBXBuildFile; fileRef = B745845219F464E0008D6B45 /* UIImage+BLCImageUtilities.m */; };
		B745845919F5FEE6008D6B45 /* BLCCropBox.m in Sources */ = {isa = PBXBuildFile; fileRef = B745845819F5FEE6008D6B45 /* BLCCropBox.m */; };
		B745846219F60785008D6B45 /* BLCImageLibraryViewController.m in Sources */ = {isa = PBXBuildFile; fileRef = B745846119F60785008D6B45 /* BLCImageLibraryViewController.m */; };
		B745846519F6BDC3008D6B45 /* BLCCropImageViewController.m in Sources */ = {isa = PBXBuildFile; fileRef = B745846419F6BDC3008D6B45 /* BLCCropImageViewController.m */; };
		B74D686A19FADBF500295521 /* AnotherCollectionViewCell.xib in Resources */ = {isa = PBXBuildFile; fileRef = B74D686919FADBF500295521 /* AnotherCollectionViewCell.xib */; };
		B77278EC19C7E5B500A75D89 /* main.m in Sources */ = {isa = PBXBuildFile; fileRef = B77278EB19C7E5B500A75D89 /* main.m */; };
		B77278EF19C7E5B500A75D89 /* AppDelegate.m in Sources */ = {isa = PBXBuildFile; fileRef = B77278EE19C7E5B500A75D89 /* AppDelegate.m */; };
		B77278F119C7E5B500A75D89 /* Images.xcassets in Resources */ = {isa = PBXBuildFile; fileRef = B77278F019C7E5B500A75D89 /* Images.xcassets */; };
		B77278F419C7E5B500A75D89 /* LaunchScreen.xib in Resources */ = {isa = PBXBuildFile; fileRef = B77278F219C7E5B500A75D89 /* LaunchScreen.xib */; };
		B772790019C7E5B500A75D89 /* BlocstagramTests.m in Sources */ = {isa = PBXBuildFile; fileRef = B77278FF19C7E5B500A75D89 /* BlocstagramTests.m */; };
		B772792C19C8ACA700A75D89 /* ImagesTableViewController.m in Sources */ = {isa = PBXBuildFile; fileRef = B772792B19C8ACA700A75D89 /* ImagesTableViewController.m */; };
		B772792F19CC9FD200A75D89 /* BLCUser.m in Sources */ = {isa = PBXBuildFile; fileRef = B772792E19CC9FD200A75D89 /* BLCUser.m */; };
		B772793219CCA03800A75D89 /* BLCMedia.m in Sources */ = {isa = PBXBuildFile; fileRef = B772793119CCA03800A75D89 /* BLCMedia.m */; };
		B772793519CCA1D200A75D89 /* BLCComment.m in Sources */ = {isa = PBXBuildFile; fileRef = B772793419CCA1D200A75D89 /* BLCComment.m */; };
		B772793819CCACF700A75D89 /* BLCDataSource.m in Sources */ = {isa = PBXBuildFile; fileRef = B772793719CCACF700A75D89 /* BLCDataSource.m */; };
		B772793B19CD0D7100A75D89 /* BLCMediaTableViewCell.m in Sources */ = {isa = PBXBuildFile; fileRef = B772793A19CD0D7100A75D89 /* BLCMediaTableViewCell.m */; };
		B772794119D5D7B800A75D89 /* BLCLoginViewController.m in Sources */ = {isa = PBXBuildFile; fileRef = B772794019D5D7B800A75D89 /* BLCLoginViewController.m */; };
		B78211C619DEF5F6001ECFB0 /* BLCMediaFullScreenViewController.m in Sources */ = {isa = PBXBuildFile; fileRef = B78211C519DEF5F6001ECFB0 /* BLCMediaFullScreenViewController.m */; };
		B78A953519F87A7F009CC6F5 /* BLCPostToInstagramViewController.m in Sources */ = {isa = PBXBuildFile; fileRef = B78A953419F87A7F009CC6F5 /* BLCPostToInstagramViewController.m */; };
		B78A953819F8CC57009CC6F5 /* BLCCollectionViewCell.m in Sources */ = {isa = PBXBuildFile; fileRef = B78A953719F8CC57009CC6F5 /* BLCCollectionViewCell.m */; };
		B7D8C74819E3499A002DA766 /* BLCMediaFullScreenAnimator.m in Sources */ = {isa = PBXBuildFile; fileRef = B7D8C74719E3499A002DA766 /* BLCMediaFullScreenAnimator.m */; };
		B7F9D48419EC8F6600AE78D9 /* BLCCircleSpinnerView.m in Sources */ = {isa = PBXBuildFile; fileRef = B7F9D48319EC8F6600AE78D9 /* BLCCircleSpinnerView.m */; };
		B7F9D48719ED807800AE78D9 /* BLCLikeButton.m in Sources */ = {isa = PBXBuildFile; fileRef = B7F9D48619ED807800AE78D9 /* BLCLikeButton.m */; };
		B7F9D48A19F0A49700AE78D9 /* BLCComposeCommentView.m in Sources */ = {isa = PBXBuildFile; fileRef = B7F9D48919F0A49700AE78D9 /* BLCComposeCommentView.m */; };
		B7F9D48D19F233A400AE78D9 /* BLCCameraToolbar.m in Sources */ = {isa = PBXBuildFile; fileRef = B7F9D48C19F233A400AE78D9 /* BLCCameraToolbar.m */; };
		B7F9D49019F2432E00AE78D9 /* BLCCameraViewController.m in Sources */ = {isa = PBXBuildFile; fileRef = B7F9D48F19F2432E00AE78D9 /* BLCCameraViewController.m */; };
		DE872B549C7E7C54C7FFA302 /* libPods.a in Frameworks */ = {isa = PBXBuildFile; fileRef = 5B6D359B524A3B7964C8DBB5 /* libPods.a */; };
/* End PBXBuildFile section */

/* Begin PBXContainerItemProxy section */
		B77278FA19C7E5B500A75D89 /* PBXContainerItemProxy */ = {
			isa = PBXContainerItemProxy;
			containerPortal = B77278DE19C7E5B500A75D89 /* Project object */;
			proxyType = 1;
			remoteGlobalIDString = B77278E519C7E5B500A75D89;
			remoteInfo = Blocstagram;
		};
/* End PBXContainerItemProxy section */

/* Begin PBXFileReference section */
		17362C753D3E718D3149224B /* Pods.release.xcconfig */ = {isa = PBXFileReference; includeInIndex = 1; lastKnownFileType = text.xcconfig; name = Pods.release.xcconfig; path = "Pods/Target Support Files/Pods/Pods.release.xcconfig"; sourceTree = "<group>"; };
		5B6D359B524A3B7964C8DBB5 /* libPods.a */ = {isa = PBXFileReference; explicitFileType = archive.ar; includeInIndex = 0; path = libPods.a; sourceTree = BUILT_PRODUCTS_DIR; };
		B745845119F464E0008D6B45 /* UIImage+BLCImageUtilities.h */ = {isa = PBXFileReference; fileEncoding = 4; lastKnownFileType = sourcecode.c.h; path = "UIImage+BLCImageUtilities.h"; sourceTree = "<group>"; };
		B745845219F464E0008D6B45 /* UIImage+BLCImageUtilities.m */ = {isa = PBXFileReference; fileEncoding = 4; lastKnownFileType = sourcecode.c.objc; path = "UIImage+BLCImageUtilities.m"; sourceTree = "<group>"; };
		B745845719F5FEE6008D6B45 /* BLCCropBox.h */ = {isa = PBXFileReference; fileEncoding = 4; lastKnownFileType = sourcecode.c.h; path = BLCCropBox.h; sourceTree = "<group>"; };
		B745845819F5FEE6008D6B45 /* BLCCropBox.m */ = {isa = PBXFileReference; fileEncoding = 4; lastKnownFileType = sourcecode.c.objc; path = BLCCropBox.m; sourceTree = "<group>"; };
		B745846019F60785008D6B45 /* BLCImageLibraryViewController.h */ = {isa = PBXFileReference; fileEncoding = 4; lastKnownFileType = sourcecode.c.h; path = BLCImageLibraryViewController.h; sourceTree = "<group>"; };
		B745846119F60785008D6B45 /* BLCImageLibraryViewController.m */ = {isa = PBXFileReference; fileEncoding = 4; lastKnownFileType = sourcecode.c.objc; path = BLCImageLibraryViewController.m; sourceTree = "<group>"; };
		B745846319F6BDC3008D6B45 /* BLCCropImageViewController.h */ = {isa = PBXFileReference; fileEncoding = 4; lastKnownFileType = sourcecode.c.h; path = BLCCropImageViewController.h; sourceTree = "<group>"; };
		B745846419F6BDC3008D6B45 /* BLCCropImageViewController.m */ = {isa = PBXFileReference; fileEncoding = 4; lastKnownFileType = sourcecode.c.objc; path = BLCCropImageViewController.m; sourceTree = "<group>"; };
		B74D686919FADBF500295521 /* AnotherCollectionViewCell.xib */ = {isa = PBXFileReference; fileEncoding = 4; lastKnownFileType = file.xib; path = AnotherCollectionViewCell.xib; sourceTree = "<group>"; };
		B74D686B19FAE31300295521 /* Blocstagram-Prefix.pch */ = {isa = PBXFileReference; fileEncoding = 4; lastKnownFileType = sourcecode.c.h; path = "Blocstagram-Prefix.pch"; sourceTree = "<group>"; };
		B77278E619C7E5B500A75D89 /* Blocstagram.app */ = {isa = PBXFileReference; explicitFileType = wrapper.application; includeInIndex = 0; path = Blocstagram.app; sourceTree = BUILT_PRODUCTS_DIR; };
		B77278EA19C7E5B500A75D89 /* Info.plist */ = {isa = PBXFileReference; lastKnownFileType = text.plist.xml; path = Info.plist; sourceTree = "<group>"; };
		B77278EB19C7E5B500A75D89 /* main.m */ = {isa = PBXFileReference; lastKnownFileType = sourcecode.c.objc; path = main.m; sourceTree = "<group>"; };
		B77278ED19C7E5B500A75D89 /* AppDelegate.h */ = {isa = PBXFileReference; lastKnownFileType = sourcecode.c.h; path = AppDelegate.h; sourceTree = "<group>"; };
		B77278EE19C7E5B500A75D89 /* AppDelegate.m */ = {isa = PBXFileReference; lastKnownFileType = sourcecode.c.objc; path = AppDelegate.m; sourceTree = "<group>"; };
		B77278F019C7E5B500A75D89 /* Images.xcassets */ = {isa = PBXFileReference; lastKnownFileType = folder.assetcatalog; path = Images.xcassets; sourceTree = "<group>"; };
		B77278F319C7E5B500A75D89 /* Base */ = {isa = PBXFileReference; lastKnownFileType = file.xib; name = Base; path = Base.lproj/LaunchScreen.xib; sourceTree = "<group>"; };
		B77278F919C7E5B500A75D89 /* BlocstagramTests.xctest */ = {isa = PBXFileReference; explicitFileType = wrapper.cfbundle; includeInIndex = 0; path = BlocstagramTests.xctest; sourceTree = BUILT_PRODUCTS_DIR; };
		B77278FE19C7E5B500A75D89 /* Info.plist */ = {isa = PBXFileReference; lastKnownFileType = text.plist.xml; path = Info.plist; sourceTree = "<group>"; };
		B77278FF19C7E5B500A75D89 /* BlocstagramTests.m */ = {isa = PBXFileReference; lastKnownFileType = sourcecode.c.objc; path = BlocstagramTests.m; sourceTree = "<group>"; };
		B772792A19C8ACA700A75D89 /* ImagesTableViewController.h */ = {isa = PBXFileReference; fileEncoding = 4; lastKnownFileType = sourcecode.c.h; name = ImagesTableViewController.h; path = ../ImagesTableViewController.h; sourceTree = "<group>"; };
		B772792B19C8ACA700A75D89 /* ImagesTableViewController.m */ = {isa = PBXFileReference; fileEncoding = 4; lastKnownFileType = sourcecode.c.objc; name = ImagesTableViewController.m; path = ../ImagesTableViewController.m; sourceTree = "<group>"; };
		B772792D19CC9FD200A75D89 /* BLCUser.h */ = {isa = PBXFileReference; fileEncoding = 4; lastKnownFileType = sourcecode.c.h; path = BLCUser.h; sourceTree = "<group>"; };
		B772792E19CC9FD200A75D89 /* BLCUser.m */ = {isa = PBXFileReference; fileEncoding = 4; lastKnownFileType = sourcecode.c.objc; path = BLCUser.m; sourceTree = "<group>"; };
		B772793019CCA03800A75D89 /* BLCMedia.h */ = {isa = PBXFileReference; fileEncoding = 4; lastKnownFileType = sourcecode.c.h; path = BLCMedia.h; sourceTree = "<group>"; };
		B772793119CCA03800A75D89 /* BLCMedia.m */ = {isa = PBXFileReference; fileEncoding = 4; lastKnownFileType = sourcecode.c.objc; path = BLCMedia.m; sourceTree = "<group>"; };
		B772793319CCA1D200A75D89 /* BLCComment.h */ = {isa = PBXFileReference; fileEncoding = 4; lastKnownFileType = sourcecode.c.h; path = BLCComment.h; sourceTree = "<group>"; };
		B772793419CCA1D200A75D89 /* BLCComment.m */ = {isa = PBXFileReference; fileEncoding = 4; lastKnownFileType = sourcecode.c.objc; path = BLCComment.m; sourceTree = "<group>"; };
		B772793619CCACF700A75D89 /* BLCDataSource.h */ = {isa = PBXFileReference; fileEncoding = 4; lastKnownFileType = sourcecode.c.h; path = BLCDataSource.h; sourceTree = "<group>"; };
		B772793719CCACF700A75D89 /* BLCDataSource.m */ = {isa = PBXFileReference; fileEncoding = 4; lastKnownFileType = sourcecode.c.objc; path = BLCDataSource.m; sourceTree = "<group>"; };
		B772793919CD0D7100A75D89 /* BLCMediaTableViewCell.h */ = {isa = PBXFileReference; fileEncoding = 4; lastKnownFileType = sourcecode.c.h; name = BLCMediaTableViewCell.h; path = ../BLCMediaTableViewCell.h; sourceTree = "<group>"; };
		B772793A19CD0D7100A75D89 /* BLCMediaTableViewCell.m */ = {isa = PBXFileReference; fileEncoding = 4; lastKnownFileType = sourcecode.c.objc; name = BLCMediaTableViewCell.m; path = ../BLCMediaTableViewCell.m; sourceTree = "<group>"; };
		B772793F19D5D7B800A75D89 /* BLCLoginViewController.h */ = {isa = PBXFileReference; fileEncoding = 4; lastKnownFileType = sourcecode.c.h; path = BLCLoginViewController.h; sourceTree = "<group>"; };
		B772794019D5D7B800A75D89 /* BLCLoginViewController.m */ = {isa = PBXFileReference; fileEncoding = 4; lastKnownFileType = sourcecode.c.objc; path = BLCLoginViewController.m; sourceTree = "<group>"; };
		B78211C419DEF5F6001ECFB0 /* BLCMediaFullScreenViewController.h */ = {isa = PBXFileReference; fileEncoding = 4; lastKnownFileType = sourcecode.c.h; path = BLCMediaFullScreenViewController.h; sourceTree = "<group>"; };
		B78211C519DEF5F6001ECFB0 /* BLCMediaFullScreenViewController.m */ = {isa = PBXFileReference; fileEncoding = 4; lastKnownFileType = sourcecode.c.objc; path = BLCMediaFullScreenViewController.m; sourceTree = "<group>"; };
		B78A953319F87A7F009CC6F5 /* BLCPostToInstagramViewController.h */ = {isa = PBXFileReference; fileEncoding = 4; lastKnownFileType = sourcecode.c.h; path = BLCPostToInstagramViewController.h; sourceTree = "<group>"; };
		B78A953419F87A7F009CC6F5 /* BLCPostToInstagramViewController.m */ = {isa = PBXFileReference; fileEncoding = 4; lastKnownFileType = sourcecode.c.objc; path = BLCPostToInstagramViewController.m; sourceTree = "<group>"; };
		B78A953619F8CC57009CC6F5 /* BLCCollectionViewCell.h */ = {isa = PBXFileReference; fileEncoding = 4; lastKnownFileType = sourcecode.c.h; path = BLCCollectionViewCell.h; sourceTree = "<group>"; };
		B78A953719F8CC57009CC6F5 /* BLCCollectionViewCell.m */ = {isa = PBXFileReference; fileEncoding = 4; lastKnownFileType = sourcecode.c.objc; path = BLCCollectionViewCell.m; sourceTree = "<group>"; };
		B7D8C74619E3499A002DA766 /* BLCMediaFullScreenAnimator.h */ = {isa = PBXFileReference; fileEncoding = 4; lastKnownFileType = sourcecode.c.h; path = BLCMediaFullScreenAnimator.h; sourceTree = "<group>"; };
		B7D8C74719E3499A002DA766 /* BLCMediaFullScreenAnimator.m */ = {isa = PBXFileReference; fileEncoding = 4; lastKnownFileType = sourcecode.c.objc; path = BLCMediaFullScreenAnimator.m; sourceTree = "<group>"; };
		B7F9D48219EC8F6600AE78D9 /* BLCCircleSpinnerView.h */ = {isa = PBXFileReference; fileEncoding = 4; lastKnownFileType = sourcecode.c.h; path = BLCCircleSpinnerView.h; sourceTree = "<group>"; };
		B7F9D48319EC8F6600AE78D9 /* BLCCircleSpinnerView.m */ = {isa = PBXFileReference; fileEncoding = 4; lastKnownFileType = sourcecode.c.objc; path = BLCCircleSpinnerView.m; sourceTree = "<group>"; };
		B7F9D48519ED807800AE78D9 /* BLCLikeButton.h */ = {isa = PBXFileReference; fileEncoding = 4; lastKnownFileType = sourcecode.c.h; path = BLCLikeButton.h; sourceTree = "<group>"; };
		B7F9D48619ED807800AE78D9 /* BLCLikeButton.m */ = {isa = PBXFileReference; fileEncoding = 4; lastKnownFileType = sourcecode.c.objc; path = BLCLikeButton.m; sourceTree = "<group>"; };
		B7F9D48819F0A49700AE78D9 /* BLCComposeCommentView.h */ = {isa = PBXFileReference; fileEncoding = 4; lastKnownFileType = sourcecode.c.h; path = BLCComposeCommentView.h; sourceTree = "<group>"; };
		B7F9D48919F0A49700AE78D9 /* BLCComposeCommentView.m */ = {isa = PBXFileReference; fileEncoding = 4; lastKnownFileType = sourcecode.c.objc; path = BLCComposeCommentView.m; sourceTree = "<group>"; };
		B7F9D48B19F233A400AE78D9 /* BLCCameraToolbar.h */ = {isa = PBXFileReference; fileEncoding = 4; lastKnownFileType = sourcecode.c.h; path = BLCCameraToolbar.h; sourceTree = "<group>"; };
		B7F9D48C19F233A400AE78D9 /* BLCCameraToolbar.m */ = {isa = PBXFileReference; fileEncoding = 4; lastKnownFileType = sourcecode.c.objc; path = BLCCameraToolbar.m; sourceTree = "<group>"; };
		B7F9D48E19F2432E00AE78D9 /* BLCCameraViewController.h */ = {isa = PBXFileReference; fileEncoding = 4; lastKnownFileType = sourcecode.c.h; path = BLCCameraViewController.h; sourceTree = "<group>"; };
		B7F9D48F19F2432E00AE78D9 /* BLCCameraViewController.m */ = {isa = PBXFileReference; fileEncoding = 4; lastKnownFileType = sourcecode.c.objc; path = BLCCameraViewController.m; sourceTree = "<group>"; };
		F29D04A73EC3FBA999F10804 /* Pods.debug.xcconfig */ = {isa = PBXFileReference; includeInIndex = 1; lastKnownFileType = text.xcconfig; name = Pods.debug.xcconfig; path = "Pods/Target Support Files/Pods/Pods.debug.xcconfig"; sourceTree = "<group>"; };
/* End PBXFileReference section */

/* Begin PBXFrameworksBuildPhase section */
		B77278E319C7E5B500A75D89 /* Frameworks */ = {
			isa = PBXFrameworksBuildPhase;
			buildActionMask = 2147483647;
			files = (
				DE872B549C7E7C54C7FFA302 /* libPods.a in Frameworks */,
			);
			runOnlyForDeploymentPostprocessing = 0;
		};
		B77278F619C7E5B500A75D89 /* Frameworks */ = {
			isa = PBXFrameworksBuildPhase;
			buildActionMask = 2147483647;
			files = (
			);
			runOnlyForDeploymentPostprocessing = 0;
		};
/* End PBXFrameworksBuildPhase section */

/* Begin PBXGroup section */
		3EB099EABE0CF53C414C6BC9 /* Pods */ = {
			isa = PBXGroup;
			children = (
				F29D04A73EC3FBA999F10804 /* Pods.debug.xcconfig */,
				17362C753D3E718D3149224B /* Pods.release.xcconfig */,
			);
			name = Pods;
			sourceTree = "<group>";
		};
		B77278DD19C7E5B500A75D89 = {
			isa = PBXGroup;
			children = (
				B77278E819C7E5B500A75D89 /* Blocstagram */,
				B77278FC19C7E5B500A75D89 /* BlocstagramTests */,
				B77278E719C7E5B500A75D89 /* Products */,
				3EB099EABE0CF53C414C6BC9 /* Pods */,
				FDDE68628FBA156F999951FB /* Frameworks */,
			);
			sourceTree = "<group>";
		};
		B77278E719C7E5B500A75D89 /* Products */ = {
			isa = PBXGroup;
			children = (
				B77278E619C7E5B500A75D89 /* Blocstagram.app */,
				B77278F919C7E5B500A75D89 /* BlocstagramTests.xctest */,
			);
			name = Products;
			sourceTree = "<group>";
		};
		B77278E819C7E5B500A75D89 /* Blocstagram */ = {
			isa = PBXGroup;
			children = (
				B77278ED19C7E5B500A75D89 /* AppDelegate.h */,
				B77278EE19C7E5B500A75D89 /* AppDelegate.m */,
				B772792A19C8ACA700A75D89 /* ImagesTableViewController.h */,
				B772792B19C8ACA700A75D89 /* ImagesTableViewController.m */,
				B772792D19CC9FD200A75D89 /* BLCUser.h */,
				B772792E19CC9FD200A75D89 /* BLCUser.m */,
				B772793019CCA03800A75D89 /* BLCMedia.h */,
				B772793119CCA03800A75D89 /* BLCMedia.m */,
				B7F9D48B19F233A400AE78D9 /* BLCCameraToolbar.h */,
				B7F9D48C19F233A400AE78D9 /* BLCCameraToolbar.m */,
				B7F9D48E19F2432E00AE78D9 /* BLCCameraViewController.h */,
				B7F9D48F19F2432E00AE78D9 /* BLCCameraViewController.m */,
				B7F9D48219EC8F6600AE78D9 /* BLCCircleSpinnerView.h */,
				B7F9D48319EC8F6600AE78D9 /* BLCCircleSpinnerView.m */,
				B745845719F5FEE6008D6B45 /* BLCCropBox.h */,
				B745845819F5FEE6008D6B45 /* BLCCropBox.m */,
				B7F9D48519ED807800AE78D9 /* BLCLikeButton.h */,
				B7F9D48619ED807800AE78D9 /* BLCLikeButton.m */,
				B745845119F464E0008D6B45 /* UIImage+BLCImageUtilities.h */,
				B745845219F464E0008D6B45 /* UIImage+BLCImageUtilities.m */,
				B745846319F6BDC3008D6B45 /* BLCCropImageViewController.h */,
				B745846419F6BDC3008D6B45 /* BLCCropImageViewController.m */,
				B772793319CCA1D200A75D89 /* BLCComment.h */,
				B772793419CCA1D200A75D89 /* BLCComment.m */,
				B7F9D48819F0A49700AE78D9 /* BLCComposeCommentView.h */,
				B7F9D48919F0A49700AE78D9 /* BLCComposeCommentView.m */,
				B772793619CCACF700A75D89 /* BLCDataSource.h */,
				B772793719CCACF700A75D89 /* BLCDataSource.m */,
				B745846019F60785008D6B45 /* BLCImageLibraryViewController.h */,
				B745846119F60785008D6B45 /* BLCImageLibraryViewController.m */,
				B772793F19D5D7B800A75D89 /* BLCLoginViewController.h */,
				B772794019D5D7B800A75D89 /* BLCLoginViewController.m */,
				B772793919CD0D7100A75D89 /* BLCMediaTableViewCell.h */,
				B772793A19CD0D7100A75D89 /* BLCMediaTableViewCell.m */,
				B7D8C74619E3499A002DA766 /* BLCMediaFullScreenAnimator.h */,
				B7D8C74719E3499A002DA766 /* BLCMediaFullScreenAnimator.m */,
				B78211C519DEF5F6001ECFB0 /* BLCMediaFullScreenViewController.m */,
				B78211C419DEF5F6001ECFB0 /* BLCMediaFullScreenViewController.h */,
				B78A953319F87A7F009CC6F5 /* BLCPostToInstagramViewController.h */,
				B78A953419F87A7F009CC6F5 /* BLCPostToInstagramViewController.m */,
				B78A953619F8CC57009CC6F5 /* BLCCollectionViewCell.h */,
				B78A953719F8CC57009CC6F5 /* BLCCollectionViewCell.m */,
				B77278F219C7E5B500A75D89 /* LaunchScreen.xib */,
				B772790919C7E78C00A75D89 /* Images */,
				B77278F019C7E5B500A75D89 /* Images.xcassets */,
				B77278E919C7E5B500A75D89 /* Supporting Files */,
				B74D686919FADBF500295521 /* AnotherCollectionViewCell.xib */,
			);
			path = Blocstagram;
			sourceTree = "<group>";
		};
		B77278E919C7E5B500A75D89 /* Supporting Files */ = {
			isa = PBXGroup;
			children = (
				B77278EA19C7E5B500A75D89 /* Info.plist */,
				B77278EB19C7E5B500A75D89 /* main.m */,
				B74D686B19FAE31300295521 /* Blocstagram-Prefix.pch */,
			);
			name = "Supporting Files";
			sourceTree = "<group>";
		};
		B77278FC19C7E5B500A75D89 /* BlocstagramTests */ = {
			isa = PBXGroup;
			children = (
				B77278FF19C7E5B500A75D89 /* BlocstagramTests.m */,
				B77278FD19C7E5B500A75D89 /* Supporting Files */,
			);
			path = BlocstagramTests;
			sourceTree = "<group>";
		};
		B77278FD19C7E5B500A75D89 /* Supporting Files */ = {
			isa = PBXGroup;
			children = (
				B77278FE19C7E5B500A75D89 /* Info.plist */,
			);
			name = "Supporting Files";
			sourceTree = "<group>";
		};
		B772790919C7E78C00A75D89 /* Images */ = {
			isa = PBXGroup;
			children = (
			);
			name = Images;
			sourceTree = "<group>";
		};
		FDDE68628FBA156F999951FB /* Frameworks */ = {
			isa = PBXGroup;
			children = (
				5B6D359B524A3B7964C8DBB5 /* libPods.a */,
			);
			name = Frameworks;
			sourceTree = "<group>";
		};
/* End PBXGroup section */

/* Begin PBXNativeTarget section */
		B77278E519C7E5B500A75D89 /* Blocstagram */ = {
			isa = PBXNativeTarget;
			buildConfigurationList = B772790319C7E5B500A75D89 /* Build configuration list for PBXNativeTarget "Blocstagram" */;
			buildPhases = (
				44EE13B11F5D4EA690499753 /* Check Pods Manifest.lock */,
				B77278E219C7E5B500A75D89 /* Sources */,
				B77278E319C7E5B500A75D89 /* Frameworks */,
				B77278E419C7E5B500A75D89 /* Resources */,
				1D0739737C3C96622CFBE5D5 /* Copy Pods Resources */,
			);
			buildRules = (
			);
			dependencies = (
			);
			name = Blocstagram;
			productName = Blocstagram;
			productReference = B77278E619C7E5B500A75D89 /* Blocstagram.app */;
			productType = "com.apple.product-type.application";
		};
		B77278F819C7E5B500A75D89 /* BlocstagramTests */ = {
			isa = PBXNativeTarget;
			buildConfigurationList = B772790619C7E5B500A75D89 /* Build configuration list for PBXNativeTarget "BlocstagramTests" */;
			buildPhases = (
				B77278F519C7E5B500A75D89 /* Sources */,
				B77278F619C7E5B500A75D89 /* Frameworks */,
				B77278F719C7E5B500A75D89 /* Resources */,
			);
			buildRules = (
			);
			dependencies = (
				B77278FB19C7E5B500A75D89 /* PBXTargetDependency */,
			);
			name = BlocstagramTests;
			productName = BlocstagramTests;
			productReference = B77278F919C7E5B500A75D89 /* BlocstagramTests.xctest */;
			productType = "com.apple.product-type.bundle.unit-test";
		};
/* End PBXNativeTarget section */

/* Begin PBXProject section */
		B77278DE19C7E5B500A75D89 /* Project object */ = {
			isa = PBXProject;
			attributes = {
				LastUpgradeCheck = 0600;
				ORGANIZATIONNAME = "Brian Doore";
				TargetAttributes = {
					B77278E519C7E5B500A75D89 = {
						CreatedOnToolsVersion = 6.0;
						DevelopmentTeam = 9SSH2YBRD7;
					};
					B77278F819C7E5B500A75D89 = {
						CreatedOnToolsVersion = 6.0;
						TestTargetID = B77278E519C7E5B500A75D89;
					};
				};
			};
			buildConfigurationList = B77278E119C7E5B500A75D89 /* Build configuration list for PBXProject "Blocstagram" */;
			compatibilityVersion = "Xcode 3.2";
			developmentRegion = English;
			hasScannedForEncodings = 0;
			knownRegions = (
				en,
				Base,
			);
			mainGroup = B77278DD19C7E5B500A75D89;
			productRefGroup = B77278E719C7E5B500A75D89 /* Products */;
			projectDirPath = "";
			projectRoot = "";
			targets = (
				B77278E519C7E5B500A75D89 /* Blocstagram */,
				B77278F819C7E5B500A75D89 /* BlocstagramTests */,
			);
		};
/* End PBXProject section */

/* Begin PBXResourcesBuildPhase section */
		B77278E419C7E5B500A75D89 /* Resources */ = {
			isa = PBXResourcesBuildPhase;
			buildActionMask = 2147483647;
			files = (
				B77278F419C7E5B500A75D89 /* LaunchScreen.xib in Resources */,
				B74D686A19FADBF500295521 /* AnotherCollectionViewCell.xib in Resources */,
				B77278F119C7E5B500A75D89 /* Images.xcassets in Resources */,
			);
			runOnlyForDeploymentPostprocessing = 0;
		};
		B77278F719C7E5B500A75D89 /* Resources */ = {
			isa = PBXResourcesBuildPhase;
			buildActionMask = 2147483647;
			files = (
			);
			runOnlyForDeploymentPostprocessing = 0;
		};
/* End PBXResourcesBuildPhase section */

/* Begin PBXShellScriptBuildPhase section */
		1D0739737C3C96622CFBE5D5 /* Copy Pods Resources */ = {
			isa = PBXShellScriptBuildPhase;
			buildActionMask = 2147483647;
			files = (
			);
			inputPaths = (
			);
			name = "Copy Pods Resources";
			outputPaths = (
			);
			runOnlyForDeploymentPostprocessing = 0;
			shellPath = /bin/sh;
			shellScript = "\"${SRCROOT}/Pods/Target Support Files/Pods/Pods-resources.sh\"\n";
			showEnvVarsInLog = 0;
		};
		44EE13B11F5D4EA690499753 /* Check Pods Manifest.lock */ = {
			isa = PBXShellScriptBuildPhase;
			buildActionMask = 2147483647;
			files = (
			);
			inputPaths = (
			);
			name = "Check Pods Manifest.lock";
			outputPaths = (
			);
			runOnlyForDeploymentPostprocessing = 0;
			shellPath = /bin/sh;
			shellScript = "diff \"${PODS_ROOT}/../Podfile.lock\" \"${PODS_ROOT}/Manifest.lock\" > /dev/null\nif [[ $? != 0 ]] ; then\n    cat << EOM\nerror: The sandbox is not in sync with the Podfile.lock. Run 'pod install' or update your CocoaPods installation.\nEOM\n    exit 1\nfi\n";
			showEnvVarsInLog = 0;
		};
/* End PBXShellScriptBuildPhase section */

/* Begin PBXSourcesBuildPhase section */
		B77278E219C7E5B500A75D89 /* Sources */ = {
			isa = PBXSourcesBuildPhase;
			buildActionMask = 2147483647;
			files = (
				B772792F19CC9FD200A75D89 /* BLCUser.m in Sources */,
				B7F9D48D19F233A400AE78D9 /* BLCCameraToolbar.m in Sources */,
				B7D8C74819E3499A002DA766 /* BLCMediaFullScreenAnimator.m in Sources */,
				B7F9D48719ED807800AE78D9 /* BLCLikeButton.m in Sources */,
				B772792C19C8ACA700A75D89 /* ImagesTableViewController.m in Sources */,
				B77278EF19C7E5B500A75D89 /* AppDelegate.m in Sources */,
				B77278EC19C7E5B500A75D89 /* main.m in Sources */,
				B772793219CCA03800A75D89 /* BLCMedia.m in Sources */,
				B7F9D48419EC8F6600AE78D9 /* BLCCircleSpinnerView.m in Sources */,
				B745846219F60785008D6B45 /* BLCImageLibraryViewController.m in Sources */,
				B772793519CCA1D200A75D89 /* BLCComment.m in Sources */,
				B78211C619DEF5F6001ECFB0 /* BLCMediaFullScreenViewController.m in Sources */,
				B772793B19CD0D7100A75D89 /* BLCMediaTableViewCell.m in Sources */,
				B772793819CCACF700A75D89 /* BLCDataSource.m in Sources */,
				B78A953819F8CC57009CC6F5 /* BLCCollectionViewCell.m in Sources */,
				B745846519F6BDC3008D6B45 /* BLCCropImageViewController.m in Sources */,
				B745845919F5FEE6008D6B45 /* BLCCropBox.m in Sources */,
				B7F9D49019F2432E00AE78D9 /* BLCCameraViewController.m in Sources */,
				B772794119D5D7B800A75D89 /* BLCLoginViewController.m in Sources */,
				B7F9D48A19F0A49700AE78D9 /* BLCComposeCommentView.m in Sources */,
				B78A953519F87A7F009CC6F5 /* BLCPostToInstagramViewController.m in Sources */,
				B745845319F464E0008D6B45 /* UIImage+BLCImageUtilities.m in Sources */,
			);
			runOnlyForDeploymentPostprocessing = 0;
		};
		B77278F519C7E5B500A75D89 /* Sources */ = {
			isa = PBXSourcesBuildPhase;
			buildActionMask = 2147483647;
			files = (
				B772790019C7E5B500A75D89 /* BlocstagramTests.m in Sources */,
			);
			runOnlyForDeploymentPostprocessing = 0;
		};
/* End PBXSourcesBuildPhase section */

/* Begin PBXTargetDependency section */
		B77278FB19C7E5B500A75D89 /* PBXTargetDependency */ = {
			isa = PBXTargetDependency;
			target = B77278E519C7E5B500A75D89 /* Blocstagram */;
			targetProxy = B77278FA19C7E5B500A75D89 /* PBXContainerItemProxy */;
		};
/* End PBXTargetDependency section */

/* Begin PBXVariantGroup section */
		B77278F219C7E5B500A75D89 /* LaunchScreen.xib */ = {
			isa = PBXVariantGroup;
			children = (
				B77278F319C7E5B500A75D89 /* Base */,
			);
			name = LaunchScreen.xib;
			sourceTree = "<group>";
		};
/* End PBXVariantGroup section */

/* Begin XCBuildConfiguration section */
		B772790119C7E5B500A75D89 /* Debug */ = {
			isa = XCBuildConfiguration;
			buildSettings = {
				ALWAYS_SEARCH_USER_PATHS = NO;
				CLANG_CXX_LANGUAGE_STANDARD = "gnu++0x";
				CLANG_CXX_LIBRARY = "libc++";
				CLANG_ENABLE_MODULES = YES;
				CLANG_ENABLE_OBJC_ARC = YES;
				CLANG_WARN_BOOL_CONVERSION = YES;
				CLANG_WARN_CONSTANT_CONVERSION = YES;
				CLANG_WARN_DIRECT_OBJC_ISA_USAGE = YES_ERROR;
				CLANG_WARN_EMPTY_BODY = YES;
				CLANG_WARN_ENUM_CONVERSION = YES;
				CLANG_WARN_INT_CONVERSION = YES;
				CLANG_WARN_OBJC_ROOT_CLASS = YES_ERROR;
				CLANG_WARN_UNREACHABLE_CODE = YES;
				CLANG_WARN__DUPLICATE_METHOD_MATCH = YES;
				"CODE_SIGN_IDENTITY[sdk=iphoneos*]" = "iPhone Developer";
				COPY_PHASE_STRIP = NO;
				ENABLE_STRICT_OBJC_MSGSEND = YES;
				GCC_C_LANGUAGE_STANDARD = gnu99;
				GCC_DYNAMIC_NO_PIC = NO;
				GCC_OPTIMIZATION_LEVEL = 0;
				GCC_PREFIX_HEADER = "Blocstagram/Blocstagram-Prefix.pch";
				GCC_PREPROCESSOR_DEFINITIONS = (
					"DEBUG=1",
					"$(inherited)",
				);
				GCC_SYMBOLS_PRIVATE_EXTERN = NO;
				GCC_WARN_64_TO_32_BIT_CONVERSION = YES;
				GCC_WARN_ABOUT_RETURN_TYPE = YES_ERROR;
				GCC_WARN_UNDECLARED_SELECTOR = YES;
				GCC_WARN_UNINITIALIZED_AUTOS = YES_AGGRESSIVE;
				GCC_WARN_UNUSED_FUNCTION = YES;
				GCC_WARN_UNUSED_VARIABLE = YES;
				IPHONEOS_DEPLOYMENT_TARGET = 8.0;
				MTL_ENABLE_DEBUG_INFO = YES;
				ONLY_ACTIVE_ARCH = YES;
				SDKROOT = iphoneos;
				TARGETED_DEVICE_FAMILY = "1,2";
			};
			name = Debug;
		};
		B772790219C7E5B500A75D89 /* Release */ = {
			isa = XCBuildConfiguration;
			buildSettings = {
				ALWAYS_SEARCH_USER_PATHS = NO;
				CLANG_CXX_LANGUAGE_STANDARD = "gnu++0x";
				CLANG_CXX_LIBRARY = "libc++";
				CLANG_ENABLE_MODULES = YES;
				CLANG_ENABLE_OBJC_ARC = YES;
				CLANG_WARN_BOOL_CONVERSION = YES;
				CLANG_WARN_CONSTANT_CONVERSION = YES;
				CLANG_WARN_DIRECT_OBJC_ISA_USAGE = YES_ERROR;
				CLANG_WARN_EMPTY_BODY = YES;
				CLANG_WARN_ENUM_CONVERSION = YES;
				CLANG_WARN_INT_CONVERSION = YES;
				CLANG_WARN_OBJC_ROOT_CLASS = YES_ERROR;
				CLANG_WARN_UNREACHABLE_CODE = YES;
				CLANG_WARN__DUPLICATE_METHOD_MATCH = YES;
				"CODE_SIGN_IDENTITY[sdk=iphoneos*]" = "iPhone Developer";
				COPY_PHASE_STRIP = YES;
				ENABLE_NS_ASSERTIONS = NO;
				ENABLE_STRICT_OBJC_MSGSEND = YES;
				GCC_C_LANGUAGE_STANDARD = gnu99;
				GCC_PREFIX_HEADER = "Blocstagram/Blocstagram-Prefix.pch";
				GCC_WARN_64_TO_32_BIT_CONVERSION = YES;
				GCC_WARN_ABOUT_RETURN_TYPE = YES_ERROR;
				GCC_WARN_UNDECLARED_SELECTOR = YES;
				GCC_WARN_UNINITIALIZED_AUTOS = YES_AGGRESSIVE;
				GCC_WARN_UNUSED_FUNCTION = YES;
				GCC_WARN_UNUSED_VARIABLE = YES;
				IPHONEOS_DEPLOYMENT_TARGET = 8.0;
				MTL_ENABLE_DEBUG_INFO = NO;
				SDKROOT = iphoneos;
				TARGETED_DEVICE_FAMILY = "1,2";
				VALIDATE_PRODUCT = YES;
			};
			name = Release;
		};
		B772790419C7E5B500A75D89 /* Debug */ = {
			isa = XCBuildConfiguration;
			baseConfigurationReference = F29D04A73EC3FBA999F10804 /* Pods.debug.xcconfig */;
			buildSettings = {
				ASSETCATALOG_COMPILER_APPICON_NAME = AppIcon;
				CODE_SIGN_IDENTITY = "iPhone Developer";
				"CODE_SIGN_IDENTITY[sdk=iphoneos*]" = "iPhone Developer";
				INFOPLIST_FILE = Blocstagram/Info.plist;
				IPHONEOS_DEPLOYMENT_TARGET = 7.0;
				LD_RUNPATH_SEARCH_PATHS = "$(inherited) @executable_path/Frameworks";
				PRODUCT_NAME = "$(TARGET_NAME)";
				PROVISIONING_PROFILE = "";
			};
			name = Debug;
		};
		B772790519C7E5B500A75D89 /* Release */ = {
			isa = XCBuildConfiguration;
			baseConfigurationReference = 17362C753D3E718D3149224B /* Pods.release.xcconfig */;
			buildSettings = {
				ASSETCATALOG_COMPILER_APPICON_NAME = AppIcon;
				CODE_SIGN_IDENTITY = "iPhone Developer";
				"CODE_SIGN_IDENTITY[sdk=iphoneos*]" = "iPhone Developer";
				INFOPLIST_FILE = Blocstagram/Info.plist;
				IPHONEOS_DEPLOYMENT_TARGET = 7.0;
				LD_RUNPATH_SEARCH_PATHS = "$(inherited) @executable_path/Frameworks";
				PRODUCT_NAME = "$(TARGET_NAME)";
				PROVISIONING_PROFILE = "";
			};
			name = Release;
		};
		B772790719C7E5B500A75D89 /* Debug */ = {
			isa = XCBuildConfiguration;
			buildSettings = {
				BUNDLE_LOADER = "$(TEST_HOST)";
				FRAMEWORK_SEARCH_PATHS = (
					"$(SDKROOT)/Developer/Library/Frameworks",
					"$(inherited)",
				);
				GCC_PREPROCESSOR_DEFINITIONS = (
					"DEBUG=1",
					"$(inherited)",
				);
				INFOPLIST_FILE = BlocstagramTests/Info.plist;
				LD_RUNPATH_SEARCH_PATHS = "$(inherited) @executable_path/Frameworks @loader_path/Frameworks";
				PRODUCT_NAME = "$(TARGET_NAME)";
				TEST_HOST = "$(BUILT_PRODUCTS_DIR)/Blocstagram.app/Blocstagram";
			};
			name = Debug;
		};
		B772790819C7E5B500A75D89 /* Release */ = {
			isa = XCBuildConfiguration;
			buildSettings = {
				BUNDLE_LOADER = "$(TEST_HOST)";
				FRAMEWORK_SEARCH_PATHS = (
					"$(SDKROOT)/Developer/Library/Frameworks",
					"$(inherited)",
				);
				INFOPLIST_FILE = BlocstagramTests/Info.plist;
				LD_RUNPATH_SEARCH_PATHS = "$(inherited) @executable_path/Frameworks @loader_path/Frameworks";
				PRODUCT_NAME = "$(TARGET_NAME)";
				TEST_HOST = "$(BUILT_PRODUCTS_DIR)/Blocstagram.app/Blocstagram";
			};
			name = Release;
		};
/* End XCBuildConfiguration section */

/* Begin XCConfigurationList section */
		B77278E119C7E5B500A75D89 /* Build configuration list for PBXProject "Blocstagram" */ = {
			isa = XCConfigurationList;
			buildConfigurations = (
				B772790119C7E5B500A75D89 /* Debug */,
				B772790219C7E5B500A75D89 /* Release */,
			);
			defaultConfigurationIsVisible = 0;
			defaultConfigurationName = Release;
		};
		B772790319C7E5B500A75D89 /* Build configuration list for PBXNativeTarget "Blocstagram" */ = {
			isa = XCConfigurationList;
			buildConfigurations = (
				B772790419C7E5B500A75D89 /* Debug */,
				B772790519C7E5B500A75D89 /* Release */,
			);
			defaultConfigurationIsVisible = 0;
			defaultConfigurationName = Release;
		};
		B772790619C7E5B500A75D89 /* Build configuration list for PBXNativeTarget "BlocstagramTests" */ = {
			isa = XCConfigurationList;
			buildConfigurations = (
				B772790719C7E5B500A75D89 /* Debug */,
				B772790819C7E5B500A75D89 /* Release */,
			);
			defaultConfigurationIsVisible = 0;
			defaultConfigurationName = Release;
		};
/* End XCConfigurationList section */
	};
	rootObject = B77278DE19C7E5B500A75D89 /* Project object */;
}
